
Microsoft Visual Studio Solution File, Format Version 12.00
# Visual Studio Version 16
VisualStudioVersion = 16.0.30128.74
MinimumVisualStudioVersion = 10.0.40219.1
Project("{FAE04EC0-301F-11D3-BF4B-00C04F79EFBC}") = "CoreHal.Reader.Json.Microsoft", "CoreHal.Reader.Json.Microsoft\CoreHal.Reader.Json.Microsoft.csproj", "{4BB6CBBE-EAF4-44F0-927E-AF2267569212}"
EndProject
Project("{2150E333-8FDC-42A3-9474-1A3956D46DE8}") = "Code", "Code", "{42E09813-D18E-4AF9-BFA1-B6B65DAA7ED6}"
EndProject
Project("{2150E333-8FDC-42A3-9474-1A3956D46DE8}") = "Tests", "Tests", "{54219D9C-1EE8-49AC-A633-F32A632E1BD0}"
EndProject
Project("{FAE04EC0-301F-11D3-BF4B-00C04F79EFBC}") = "CoreHal.Reader.Json.Microsoft.Tests", "CoreHal.Reader.Json.Microsoft.Tests\CoreHal.Reader.Json.Microsoft.Tests.csproj", "{B8EDC6D2-FE3D-4AEE-B906-D9EF9F2C3892}"
EndProject
Global
	GlobalSection(SolutionConfigurationPlatforms) = preSolution
		Debug|Any CPU = Debug|Any CPU
		Release|Any CPU = Release|Any CPU
	EndGlobalSection
	GlobalSection(ProjectConfigurationPlatforms) = postSolution
		{4BB6CBBE-EAF4-44F0-927E-AF2267569212}.Debug|Any CPU.ActiveCfg = Debug|Any CPU
		{4BB6CBBE-EAF4-44F0-927E-AF2267569212}.Debug|Any CPU.Build.0 = Debug|Any CPU
		{4BB6CBBE-EAF4-44F0-927E-AF2267569212}.Release|Any CPU.ActiveCfg = Release|Any CPU
		{4BB6CBBE-EAF4-44F0-927E-AF2267569212}.Release|Any CPU.Build.0 = Release|Any CPU
		{B8EDC6D2-FE3D-4AEE-B906-D9EF9F2C3892}.Debug|Any CPU.ActiveCfg = Debug|Any CPU
		{B8EDC6D2-FE3D-4AEE-B906-D9EF9F2C3892}.Debug|Any CPU.Build.0 = Debug|Any CPU
		{B8EDC6D2-FE3D-4AEE-B906-D9EF9F2C3892}.Release|Any CPU.ActiveCfg = Release|Any CPU
		{B8EDC6D2-FE3D-4AEE-B906-D9EF9F2C3892}.Release|Any CPU.Build.0 = Release|Any CPU
	EndGlobalSection
	GlobalSection(SolutionProperties) = preSolution
		HideSolutionNode = FALSE
	EndGlobalSection
	GlobalSection(NestedProjects) = preSolution
		{4BB6CBBE-EAF4-44F0-927E-AF2267569212} = {42E09813-D18E-4AF9-BFA1-B6B65DAA7ED6}
		{B8EDC6D2-FE3D-4AEE-B906-D9EF9F2C3892} = {54219D9C-1EE8-49AC-A633-F32A632E1BD0}
	EndGlobalSection
	GlobalSection(ExtensibilityGlobals) = postSolution
		SolutionGuid = {0F6618C3-AFDD-49A0-ABA1-F00546BD164B}
	EndGlobalSection
EndGlobal
